
Microsoft Visual Studio Solution File, Format Version 12.00
# Visual Studio Version 17
VisualStudioVersion = 17.4.33403.182
MinimumVisualStudioVersion = 10.0.40219.1
Project("{FAE04EC0-301F-11D3-BF4B-00C04F79EFBC}") = "EleicaoDigital2024", "EleicaoDigital2024.csproj", "{58AC50EB-9832-472E-A898-15D693BDC31B}"
EndProject
Project("{FAE04EC0-301F-11D3-BF4B-00C04F79EFBC}") = "EleicaoDigitalAplication", "..\EleicaoDigitalAplication\EleicaoDigitalAplication.csproj", "{888C6D15-12B6-4305-B0E2-478959849F75}"
EndProject
Project("{FAE04EC0-301F-11D3-BF4B-00C04F79EFBC}") = "EleicaoRepository", "..\EleicaoRepository\EleicaoRepository.csproj", "{35F2C030-6257-4C53-B543-615D2A062BD4}"
EndProject
Global
	GlobalSection(SolutionConfigurationPlatforms) = preSolution
		Debug|Any CPU = Debug|Any CPU
		Release|Any CPU = Release|Any CPU
	EndGlobalSection
	GlobalSection(ProjectConfigurationPlatforms) = postSolution
		{58AC50EB-9832-472E-A898-15D693BDC31B}.Debug|Any CPU.ActiveCfg = Debug|Any CPU
		{58AC50EB-9832-472E-A898-15D693BDC31B}.Debug|Any CPU.Build.0 = Debug|Any CPU
		{58AC50EB-9832-472E-A898-15D693BDC31B}.Release|Any CPU.ActiveCfg = Release|Any CPU
		{58AC50EB-9832-472E-A898-15D693BDC31B}.Release|Any CPU.Build.0 = Release|Any CPU
		{888C6D15-12B6-4305-B0E2-478959849F75}.Debug|Any CPU.ActiveCfg = Debug|Any CPU
		{888C6D15-12B6-4305-B0E2-478959849F75}.Debug|Any CPU.Build.0 = Debug|Any CPU
		{888C6D15-12B6-4305-B0E2-478959849F75}.Release|Any CPU.ActiveCfg = Release|Any CPU
		{888C6D15-12B6-4305-B0E2-478959849F75}.Release|Any CPU.Build.0 = Release|Any CPU
		{35F2C030-6257-4C53-B543-615D2A062BD4}.Debug|Any CPU.ActiveCfg = Debug|Any CPU
		{35F2C030-6257-4C53-B543-615D2A062BD4}.Debug|Any CPU.Build.0 = Debug|Any CPU
		{35F2C030-6257-4C53-B543-615D2A062BD4}.Release|Any CPU.ActiveCfg = Release|Any CPU
		{35F2C030-6257-4C53-B543-615D2A062BD4}.Release|Any CPU.Build.0 = Release|Any CPU
	EndGlobalSection
	GlobalSection(SolutionProperties) = preSolution
		HideSolutionNode = FALSE
	EndGlobalSection
	GlobalSection(ExtensibilityGlobals) = postSolution
		SolutionGuid = {7A5EC819-81BE-4DB2-9CC1-E8E6F31F75A4}
	EndGlobalSection
EndGlobal
